
Microsoft Visual Studio Solution File, Format Version 12.00
# Visual Studio Version 16
VisualStudioVersion = 16.0.30011.22
MinimumVisualStudioVersion = 10.0.40219.1
Project("{FAE04EC0-301F-11D3-BF4B-00C04F79EFBC}") = "actividad_UT2_2", "actividad_UT2_2\actividad_UT2_2.csproj", "{922935C2-CF93-4FF9-9A9D-9A1BD1E2C723}"
EndProject
Global
	GlobalSection(SolutionConfigurationPlatforms) = preSolution
		Debug|Any CPU = Debug|Any CPU
		Release|Any CPU = Release|Any CPU
	EndGlobalSection
	GlobalSection(ProjectConfigurationPlatforms) = postSolution
		{922935C2-CF93-4FF9-9A9D-9A1BD1E2C723}.Debug|Any CPU.ActiveCfg = Debug|Any CPU
		{922935C2-CF93-4FF9-9A9D-9A1BD1E2C723}.Debug|Any CPU.Build.0 = Debug|Any CPU
		{922935C2-CF93-4FF9-9A9D-9A1BD1E2C723}.Release|Any CPU.ActiveCfg = Release|Any CPU
		{922935C2-CF93-4FF9-9A9D-9A1BD1E2C723}.Release|Any CPU.Build.0 = Release|Any CPU
	EndGlobalSection
	GlobalSection(SolutionProperties) = preSolution
		HideSolutionNode = FALSE
	EndGlobalSection
	GlobalSection(ExtensibilityGlobals) = postSolution
		SolutionGuid = {73FB400D-0357-4453-B8A8-CFA4E2E1E5E1}
	EndGlobalSection
EndGlobal
